
Microsoft Visual Studio Solution File, Format Version 12.00
# Visual Studio Version 16
VisualStudioVersion = 16.0.31402.337
MinimumVisualStudioVersion = 10.0.40219.1
Project("{FAE04EC0-301F-11D3-BF4B-00C04F79EFBC}") = "ShopsRUs.Core", "ShopsRUs\ShopsRUs.Core.csproj", "{C93948DC-47E3-4289-A522-7ECAA6720B14}"
EndProject
Project("{FAE04EC0-301F-11D3-BF4B-00C04F79EFBC}") = "ShopsRUs.Data", "ShopsRUs.Data\ShopsRUs.Data.csproj", "{32B9DB1B-E365-420A-A5D4-8A1291491927}"
EndProject
Project("{FAE04EC0-301F-11D3-BF4B-00C04F79EFBC}") = "ShopsRUs.Test", "ShopRUs.Test\ShopsRUs.Test.csproj", "{1AE64A96-5BDC-4753-AC76-3D7F1FC2F579}"
EndProject
Global
	GlobalSection(SolutionConfigurationPlatforms) = preSolution
		Debug|Any CPU = Debug|Any CPU
		Release|Any CPU = Release|Any CPU
	EndGlobalSection
	GlobalSection(ProjectConfigurationPlatforms) = postSolution
		{C93948DC-47E3-4289-A522-7ECAA6720B14}.Debug|Any CPU.ActiveCfg = Debug|Any CPU
		{C93948DC-47E3-4289-A522-7ECAA6720B14}.Debug|Any CPU.Build.0 = Debug|Any CPU
		{C93948DC-47E3-4289-A522-7ECAA6720B14}.Release|Any CPU.ActiveCfg = Release|Any CPU
		{C93948DC-47E3-4289-A522-7ECAA6720B14}.Release|Any CPU.Build.0 = Release|Any CPU
		{32B9DB1B-E365-420A-A5D4-8A1291491927}.Debug|Any CPU.ActiveCfg = Debug|Any CPU
		{32B9DB1B-E365-420A-A5D4-8A1291491927}.Debug|Any CPU.Build.0 = Debug|Any CPU
		{32B9DB1B-E365-420A-A5D4-8A1291491927}.Release|Any CPU.ActiveCfg = Release|Any CPU
		{32B9DB1B-E365-420A-A5D4-8A1291491927}.Release|Any CPU.Build.0 = Release|Any CPU
		{1AE64A96-5BDC-4753-AC76-3D7F1FC2F579}.Debug|Any CPU.ActiveCfg = Debug|Any CPU
		{1AE64A96-5BDC-4753-AC76-3D7F1FC2F579}.Debug|Any CPU.Build.0 = Debug|Any CPU
		{1AE64A96-5BDC-4753-AC76-3D7F1FC2F579}.Release|Any CPU.ActiveCfg = Release|Any CPU
		{1AE64A96-5BDC-4753-AC76-3D7F1FC2F579}.Release|Any CPU.Build.0 = Release|Any CPU
	EndGlobalSection
	GlobalSection(SolutionProperties) = preSolution
		HideSolutionNode = FALSE
	EndGlobalSection
	GlobalSection(ExtensibilityGlobals) = postSolution
		SolutionGuid = {10AB7D16-8A24-4391-ABFE-B60D815570A9}
	EndGlobalSection
EndGlobal
